
Microsoft Visual Studio Solution File, Format Version 12.00
# Visual Studio Version 17
VisualStudioVersion = 17.14.36221.1 d17.14
MinimumVisualStudioVersion = 10.0.40219.1
Project("{FAE04EC0-301F-11D3-BF4B-00C04F79EFBC}") = "NorthwindTraders", "NorthwindTraders.csproj", "{24AD5F32-75B6-4352-89F1-D743EF7C655E}"
EndProject
Global
	GlobalSection(SolutionConfigurationPlatforms) = preSolution
		Debug|Any CPU = Debug|Any CPU
		Release|Any CPU = Release|Any CPU
	EndGlobalSection
	GlobalSection(ProjectConfigurationPlatforms) = postSolution
		{24AD5F32-75B6-4352-89F1-D743EF7C655E}.Debug|Any CPU.ActiveCfg = Debug|Any CPU
		{24AD5F32-75B6-4352-89F1-D743EF7C655E}.Debug|Any CPU.Build.0 = Debug|Any CPU
		{24AD5F32-75B6-4352-89F1-D743EF7C655E}.Release|Any CPU.ActiveCfg = Release|Any CPU
		{24AD5F32-75B6-4352-89F1-D743EF7C655E}.Release|Any CPU.Build.0 = Release|Any CPU
	EndGlobalSection
	GlobalSection(SolutionProperties) = preSolution
		HideSolutionNode = FALSE
	EndGlobalSection
	GlobalSection(ExtensibilityGlobals) = postSolution
		SolutionGuid = {BE64582B-970C-4F18-A5C6-C45BA214B41D}
	EndGlobalSection
EndGlobal
